<?xml version="1.0" encoding="UTF-8" standalone="yes" ?>
<CodeBlocks_project_file>
	<FileVersion major="1" minor="6" />
	<Project>
		<Option title="BallGame" />
		<Option platforms="Windows;Unix;" />
		<Option pch_mode="2" />
		<Option compiler="gcc" />
		<Build>
			<Target title="Linux">
				<Option platforms="Unix;" />
				<Option output="bin/Debug/BallGame" prefix_auto="1" extension_auto="1" />
				<Option object_output="obj/Debug/" />
				<Option type="0" />
				<Option compiler="clang" />
				<Option projectLinkerOptionsRelation="1" />
				<Compiler>
					<Add option="-pedantic" />
					<Add option="-Wall" />
					<Add option="-std=c++11" />
					<Add option="-g" />
					<Add option="-Wextra" />
					<Add directory="include" />
				</Compiler>
				<Linker>
					<Add library="GL" />
					<Add library="SDL2" />
					<Add library="SDL2_image" />
				</Linker>
			</Target>
			<Target title="Windows">
				<Option platforms="Windows;" />
				<Option output="BallGame" prefix_auto="1" extension_auto="1" />
				<Option type="1" />
				<Option compiler="gcc" />
				<Option use_console_runner="0" />
				<Compiler>
					<Add directory="include" />
				</Compiler>
			</Target>
			<Target title="LinuxCrossCompile">
				<Option platforms="Unix;" />
				<Option output="BallGame" prefix_auto="1" extension_auto="1" />
				<Option type="0" />
				<Option compiler="mingw_gnu_gcc_compiler" />
				<Compiler>
					<Add directory="include" />
				</Compiler>
			</Target>
		</Build>
		<Compiler>
			<Add option="-std=c++11" />
			<Add option="-Wall" />
		</Compiler>
		<Linker>
			<Add library="opengl32" />
			<Add library="glu32" />
			<Add library="gdi32" />
		</Linker>
		<Unit filename="Makefile">
			<Option target="Linux" />
		</Unit>
		<Unit filename="TODO">
			<Option target="Linux" />
		</Unit>
		<Unit filename="include/BallGame.h" />
		<Unit filename="include/Block.h" />
		<Unit filename="include/CollisionEntity.h" />
		<Unit filename="include/CollisionHandle.h" />
		<Unit filename="include/EngineManager.h" />
		<Unit filename="include/Entity.h" />
		<Unit filename="include/Event.h" />
		<Unit filename="include/EventCollision.h" />
		<Unit filename="include/EventEngine.h" />
		<Unit filename="include/EventInput.h" />
		<Unit filename="include/EventSystem.h" />
		<Unit filename="include/Level.h" />
		<Unit filename="include/Player.h" />
		<Unit filename="include/RenderEngine.h" />
		<Unit filename="include/Resource.h" />
		<Unit filename="include/ResourceManager.h" />
		<Unit filename="include/Timer.h" />
		<Unit filename="include/VisualEntity.h" />
		<Unit filename="include/bgCommon.h" />
		<Unit filename="src/BallGame.cpp" />
		<Unit filename="src/Block.cpp" />
		<Unit filename="src/CollisionEntity.cpp" />
		<Unit filename="src/EngineManager.cpp" />
		<Unit filename="src/Entity.cpp" />
		<Unit filename="src/Event.cpp" />
		<Unit filename="src/EventCollision.cpp" />
		<Unit filename="src/EventEngine.cpp" />
		<Unit filename="src/EventInput.cpp" />
		<Unit filename="src/EventSystem.cpp" />
		<Unit filename="src/Level.cpp" />
		<Unit filename="src/Main.cpp" />
		<Unit filename="src/Player.cpp" />
		<Unit filename="src/RenderEngine.cpp" />
		<Unit filename="src/Resource.cpp" />
		<Unit filename="src/ResourceManager.cpp" />
		<Unit filename="src/Timer.cpp" />
		<Unit filename="src/VisualEntity.cpp" />
		<Extensions>
			<code_completion />
			<debugger />
			<envvars />
			<lib_finder disable_auto="1">
				<lib name="`sdl-config --cflags --libs`" />
			</lib_finder>
		</Extensions>
	</Project>
</CodeBlocks_project_file>
