<?xml version="1.0" encoding="UTF-8" standalone="yes" ?>
<CodeBlocks_project_file>
	<FileVersion major="1" minor="6" />
	<Project>
		<Option title="BallGame" />
		<Option platforms="Windows;Unix;" />
		<Option pch_mode="2" />
		<Option compiler="gcc" />
		<Build>
			<Target title="Linux">
				<Option platforms="Unix;" />
				<Option output="bin/Debug/BallGame" prefix_auto="1" extension_auto="1" />
				<Option object_output="obj/Debug/" />
				<Option type="0" />
				<Option compiler="gcc" />
				<Option projectLinkerOptionsRelation="1" />
				<Compiler>
					<Add option="-pedantic" />
					<Add option="-Wextra" />
					<Add option="-Wall" />
					<Add option="-g" />
				</Compiler>
				<Linker>
					<Add library="GL" />
					<Add library="SDL2" />
					<Add library="SDL2_image" />
				</Linker>
			</Target>
			<Target title="Windows">
				<Option platforms="Windows;" />
				<Option output="BallGame" prefix_auto="1" extension_auto="1" />
				<Option type="1" />
				<Option compiler="gcc" />
				<Option use_console_runner="0" />
			</Target>
			<Target title="LinuxCrossCompile">
				<Option platforms="Unix;" />
				<Option output="BallGame" prefix_auto="1" extension_auto="1" />
				<Option type="0" />
				<Option compiler="mingw_gnu_gcc_compiler" />
			</Target>
		</Build>
		<Compiler>
			<Add option="-Wall" />
		</Compiler>
		<Linker>
			<Add library="opengl32" />
			<Add library="glu32" />
			<Add library="gdi32" />
		</Linker>
		<Unit filename="BallGame.cpp" />
		<Unit filename="BallGame.h" />
		<Unit filename="Block.cpp" />
		<Unit filename="Block.h" />
		<Unit filename="CollisionHandle.h" />
		<Unit filename="EngineManager.cpp" />
		<Unit filename="EngineManager.h" />
		<Unit filename="Entity.cpp" />
		<Unit filename="Entity.h" />
		<Unit filename="Level.cpp" />
		<Unit filename="Level.h" />
		<Unit filename="Main.cpp" />
		<Unit filename="Makefile">
			<Option target="Linux" />
		</Unit>
		<Unit filename="Player.cpp" />
		<Unit filename="Player.h" />
		<Unit filename="ResourceLoader.cpp" />
		<Unit filename="ResourceLoader.h" />
		<Unit filename="TODO">
			<Option target="Linux" />
		</Unit>
		<Unit filename="Timer.cpp" />
		<Unit filename="Timer.h" />
		<Unit filename="VisualEntity.cpp" />
		<Unit filename="VisualEntity.h" />
		<Unit filename="bgCommon.h" />
		<Unit filename="include/CollisionHandling.h" />
		<Unit filename="include/Timer.h" />
		<Extensions>
			<code_completion />
			<debugger />
			<envvars />
			<lib_finder disable_auto="1">
				<lib name="`sdl-config --cflags --libs`" />
			</lib_finder>
		</Extensions>
	</Project>
</CodeBlocks_project_file>
